
Microsoft Visual Studio Solution File, Format Version 12.00
# Visual Studio 2013
VisualStudioVersion = 12.0.40629.0
MinimumVisualStudioVersion = 10.0.40219.1
Project("{FAE04EC0-301F-11D3-BF4B-00C04F79EFBC}") = "Twitter.Models", "Twitter.Models\Twitter.Models.csproj", "{31E01FB6-F158-40A1-99BE-8D4B2914762C}"
EndProject
Project("{FAE04EC0-301F-11D3-BF4B-00C04F79EFBC}") = "Twitter.Data", "Twitter.Data\Twitter.Data.csproj", "{2794882B-B9DD-447B-BFC6-265CED863DC3}"
EndProject
Project("{FAE04EC0-301F-11D3-BF4B-00C04F79EFBC}") = "Twitter.Web", "Twitter.Web\Twitter.Web.csproj", "{0BE50C0E-070B-4F71-9D91-B599B1B4A965}"
EndProject
Global
	GlobalSection(SolutionConfigurationPlatforms) = preSolution
		Debug|Any CPU = Debug|Any CPU
		Release|Any CPU = Release|Any CPU
	EndGlobalSection
	GlobalSection(ProjectConfigurationPlatforms) = postSolution
		{31E01FB6-F158-40A1-99BE-8D4B2914762C}.Debug|Any CPU.ActiveCfg = Debug|Any CPU
		{31E01FB6-F158-40A1-99BE-8D4B2914762C}.Debug|Any CPU.Build.0 = Debug|Any CPU
		{31E01FB6-F158-40A1-99BE-8D4B2914762C}.Release|Any CPU.ActiveCfg = Release|Any CPU
		{31E01FB6-F158-40A1-99BE-8D4B2914762C}.Release|Any CPU.Build.0 = Release|Any CPU
		{2794882B-B9DD-447B-BFC6-265CED863DC3}.Debug|Any CPU.ActiveCfg = Debug|Any CPU
		{2794882B-B9DD-447B-BFC6-265CED863DC3}.Debug|Any CPU.Build.0 = Debug|Any CPU
		{2794882B-B9DD-447B-BFC6-265CED863DC3}.Release|Any CPU.ActiveCfg = Release|Any CPU
		{2794882B-B9DD-447B-BFC6-265CED863DC3}.Release|Any CPU.Build.0 = Release|Any CPU
		{0BE50C0E-070B-4F71-9D91-B599B1B4A965}.Debug|Any CPU.ActiveCfg = Debug|Any CPU
		{0BE50C0E-070B-4F71-9D91-B599B1B4A965}.Debug|Any CPU.Build.0 = Debug|Any CPU
		{0BE50C0E-070B-4F71-9D91-B599B1B4A965}.Release|Any CPU.ActiveCfg = Release|Any CPU
		{0BE50C0E-070B-4F71-9D91-B599B1B4A965}.Release|Any CPU.Build.0 = Release|Any CPU
	EndGlobalSection
	GlobalSection(SolutionProperties) = preSolution
		HideSolutionNode = FALSE
	EndGlobalSection
EndGlobal
